
Microsoft Visual Studio Solution File, Format Version 12.00
# Visual Studio Version 17
VisualStudioVersion = 17.7.34202.233
MinimumVisualStudioVersion = 10.0.40219.1
Project("{FAE04EC0-301F-11D3-BF4B-00C04F79EFBC}") = "BookShopSchool", "BookShopSchool\BookShopSchool.csproj", "{FD18BAA1-1EAC-4665-AC18-6B9608498229}"
EndProject
Global
	GlobalSection(SolutionConfigurationPlatforms) = preSolution
		Debug|Any CPU = Debug|Any CPU
		Release|Any CPU = Release|Any CPU
	EndGlobalSection
	GlobalSection(ProjectConfigurationPlatforms) = postSolution
		{FD18BAA1-1EAC-4665-AC18-6B9608498229}.Debug|Any CPU.ActiveCfg = Debug|Any CPU
		{FD18BAA1-1EAC-4665-AC18-6B9608498229}.Debug|Any CPU.Build.0 = Debug|Any CPU
		{FD18BAA1-1EAC-4665-AC18-6B9608498229}.Release|Any CPU.ActiveCfg = Release|Any CPU
		{FD18BAA1-1EAC-4665-AC18-6B9608498229}.Release|Any CPU.Build.0 = Release|Any CPU
	EndGlobalSection
	GlobalSection(SolutionProperties) = preSolution
		HideSolutionNode = FALSE
	EndGlobalSection
	GlobalSection(ExtensibilityGlobals) = postSolution
		SolutionGuid = {419D2810-9957-4F37-BAD0-09B3D9691AAE}
	EndGlobalSection
EndGlobal
